
Microsoft Visual Studio Solution File, Format Version 11.00
# Visual Studio 2010
Project("{2150E333-8FDC-42A3-9474-1A3956D46DE8}") = "tzdata", "tzdata", "{7B65FE3F-4EA0-43B0-99FE-C77421D590D1}"
	ProjectSection(SolutionItems) = preProject
		tzdata\africa = tzdata\africa
		tzdata\antarctica = tzdata\antarctica
		tzdata\asia = tzdata\asia
		tzdata\australasia = tzdata\australasia
		tzdata\backward = tzdata\backward
		tzdata\etcetera = tzdata\etcetera
		tzdata\europe = tzdata\europe
		tzdata\factory = tzdata\factory
		tzdata\iso3166.tab = tzdata\iso3166.tab
		tzdata\leapseconds = tzdata\leapseconds
		tzdata\northamerica = tzdata\northamerica
		tzdata\pacificnew = tzdata\pacificnew
		tzdata\solar87 = tzdata\solar87
		tzdata\solar88 = tzdata\solar88
		tzdata\solar89 = tzdata\solar89
		tzdata\southamerica = tzdata\southamerica
		tzdata\systemv = tzdata\systemv
		tzdata\yearistype.sh = tzdata\yearistype.sh
		tzdata\zone.tab = tzdata\zone.tab
	EndProjectSection
EndProject
Project("{FAE04EC0-301F-11D3-BF4B-00C04F79EFBC}") = "PublicDomain", "src\PublicDomain\PublicDomain.csproj", "{DB173085-8CC4-4C49-8AA4-328442ABC887}"
EndProject
Project("{54435603-DBB4-11D2-8724-00A0C9A8B90C}") = "PublicDomainSetup", "src\PublicDomainSetup\PublicDomainSetup.vdproj", "{2D2ED908-635A-407B-A3C1-480CC73768F4}"
EndProject
Project("{FAE04EC0-301F-11D3-BF4B-00C04F79EFBC}") = "PublicDomainTests", "src\PublicDomainTests\PublicDomainTests.csproj", "{FE8D16C2-12E8-4072-BC95-3D533F0FA117}"
EndProject
Project("{FAE04EC0-301F-11D3-BF4B-00C04F79EFBC}") = "PublicDomainConsole", "src\PublicDomainConsole\PublicDomainConsole.csproj", "{FE7D4927-0137-44F0-AACF-7F199B5F00EA}"
EndProject
Global
	GlobalSection(SolutionConfigurationPlatforms) = preSolution
		Debug|Any CPU = Debug|Any CPU
		Release|Any CPU = Release|Any CPU
	EndGlobalSection
	GlobalSection(ProjectConfigurationPlatforms) = postSolution
		{DB173085-8CC4-4C49-8AA4-328442ABC887}.Debug|Any CPU.ActiveCfg = Debug|Any CPU
		{DB173085-8CC4-4C49-8AA4-328442ABC887}.Debug|Any CPU.Build.0 = Debug|Any CPU
		{DB173085-8CC4-4C49-8AA4-328442ABC887}.Release|Any CPU.ActiveCfg = Release|Any CPU
		{DB173085-8CC4-4C49-8AA4-328442ABC887}.Release|Any CPU.Build.0 = Release|Any CPU
		{2D2ED908-635A-407B-A3C1-480CC73768F4}.Debug|Any CPU.ActiveCfg = Debug
		{2D2ED908-635A-407B-A3C1-480CC73768F4}.Release|Any CPU.ActiveCfg = Release
		{2D2ED908-635A-407B-A3C1-480CC73768F4}.Release|Any CPU.Build.0 = Release
		{FE8D16C2-12E8-4072-BC95-3D533F0FA117}.Debug|Any CPU.ActiveCfg = Debug|Any CPU
		{FE8D16C2-12E8-4072-BC95-3D533F0FA117}.Debug|Any CPU.Build.0 = Debug|Any CPU
		{FE8D16C2-12E8-4072-BC95-3D533F0FA117}.Release|Any CPU.ActiveCfg = Release|Any CPU
		{FE8D16C2-12E8-4072-BC95-3D533F0FA117}.Release|Any CPU.Build.0 = Release|Any CPU
		{FE7D4927-0137-44F0-AACF-7F199B5F00EA}.Debug|Any CPU.ActiveCfg = Debug|Any CPU
		{FE7D4927-0137-44F0-AACF-7F199B5F00EA}.Debug|Any CPU.Build.0 = Debug|Any CPU
		{FE7D4927-0137-44F0-AACF-7F199B5F00EA}.Release|Any CPU.ActiveCfg = Release|Any CPU
		{FE7D4927-0137-44F0-AACF-7F199B5F00EA}.Release|Any CPU.Build.0 = Release|Any CPU
	EndGlobalSection
	GlobalSection(SolutionProperties) = preSolution
		HideSolutionNode = FALSE
	EndGlobalSection
EndGlobal
